// !$*UTF8*$!
{
	archiveVersion = 1;
	classes = {
	};
	objectVersion = 50;
	objects = {

/* Begin PBXBuildFile section */
		08A947D325D09F7100A25CE1 /* AppDelegate.swift in Sources */ = {isa = PBXBuildFile; fileRef = 08A947D225D09F7100A25CE1 /* AppDelegate.swift */; };
		08A947D525D09F7100A25CE1 /* SceneDelegate.swift in Sources */ = {isa = PBXBuildFile; fileRef = 08A947D425D09F7100A25CE1 /* SceneDelegate.swift */; };
		08A947D725D09F7100A25CE1 /* ViewController.swift in Sources */ = {isa = PBXBuildFile; fileRef = 08A947D625D09F7100A25CE1 /* ViewController.swift */; };
		08A947DA25D09F7100A25CE1 /* Main.storyboard in Resources */ = {isa = PBXBuildFile; fileRef = 08A947D825D09F7100A25CE1 /* Main.storyboard */; };
		08A947DC25D09F7200A25CE1 /* Assets.xcassets in Resources */ = {isa = PBXBuildFile; fileRef = 08A947DB25D09F7200A25CE1 /* Assets.xcassets */; };
		08A947DF25D09F7200A25CE1 /* LaunchScreen.storyboard in Resources */ = {isa = PBXBuildFile; fileRef = 08A947DD25D09F7200A25CE1 /* LaunchScreen.storyboard */; };
		08A947E825D0A16600A25CE1 /* MovieTableViewCell.swift in Sources */ = {isa = PBXBuildFile; fileRef = 08A947E725D0A16600A25CE1 /* MovieTableViewCell.swift */; };
		08A947EC25D0A8B100A25CE1 /* Movie.swift in Sources */ = {isa = PBXBuildFile; fileRef = 08A947EB25D0A8B100A25CE1 /* Movie.swift */; };
		08A947EF25D0F85A00A25CE1 /* DetailViewController.swift in Sources */ = {isa = PBXBuildFile; fileRef = 08A947EE25D0F85A00A25CE1 /* DetailViewController.swift */; };
		08A947F225D1065300A25CE1 /* FavoritesTableViewController.swift in Sources */ = {isa = PBXBuildFile; fileRef = 08A947F125D1065300A25CE1 /* FavoritesTableViewController.swift */; };
		08A947F525D106A800A25CE1 /* FavoriteTableViewCell.swift in Sources */ = {isa = PBXBuildFile; fileRef = 08A947F425D106A800A25CE1 /* FavoriteTableViewCell.swift */; };
/* End PBXBuildFile section */

/* Begin PBXFileReference section */
		08A947CF25D09F7100A25CE1 /* Movie.app */ = {isa = PBXFileReference; explicitFileType = wrapper.application; includeInIndex = 0; path = Movie.app; sourceTree = BUILT_PRODUCTS_DIR; };
		08A947D225D09F7100A25CE1 /* AppDelegate.swift */ = {isa = PBXFileReference; lastKnownFileType = sourcecode.swift; path = AppDelegate.swift; sourceTree = "<group>"; };
		08A947D425D09F7100A25CE1 /* SceneDelegate.swift */ = {isa = PBXFileReference; lastKnownFileType = sourcecode.swift; path = SceneDelegate.swift; sourceTree = "<group>"; };
		08A947D625D09F7100A25CE1 /* ViewController.swift */ = {isa = PBXFileReference; lastKnownFileType = sourcecode.swift; path = ViewController.swift; sourceTree = "<group>"; };
		08A947D925D09F7100A25CE1 /* Base */ = {isa = PBXFileReference; lastKnownFileType = file.storyboard; name = Base; path = Base.lproj/Main.storyboard; sourceTree = "<group>"; };
		08A947DB25D09F7200A25CE1 /* Assets.xcassets */ = {isa = PBXFileReference; lastKnownFileType = folder.assetcatalog; path = Assets.xcassets; sourceTree = "<group>"; };
		08A947DE25D09F7200A25CE1 /* Base */ = {isa = PBXFileReference; lastKnownFileType = file.storyboard; name = Base; path = Base.lproj/LaunchScreen.storyboard; sourceTree = "<group>"; };
		08A947E025D09F7200A25CE1 /* Info.plist */ = {isa = PBXFileReference; lastKnownFileType = text.plist.xml; path = Info.plist; sourceTree = "<group>"; };
		08A947E725D0A16600A25CE1 /* MovieTableViewCell.swift */ = {isa = PBXFileReference; lastKnownFileType = sourcecode.swift; path = MovieTableViewCell.swift; sourceTree = "<group>"; };
		08A947EB25D0A8B100A25CE1 /* Movie.swift */ = {isa = PBXFileReference; lastKnownFileType = sourcecode.swift; path = Movie.swift; sourceTree = "<group>"; };
		08A947EE25D0F85A00A25CE1 /* DetailViewController.swift */ = {isa = PBXFileReference; lastKnownFileType = sourcecode.swift; path = DetailViewController.swift; sourceTree = "<group>"; };
		08A947F125D1065300A25CE1 /* FavoritesTableViewController.swift */ = {isa = PBXFileReference; lastKnownFileType = sourcecode.swift; path = FavoritesTableViewController.swift; sourceTree = "<group>"; };
		08A947F425D106A800A25CE1 /* FavoriteTableViewCell.swift */ = {isa = PBXFileReference; lastKnownFileType = sourcecode.swift; path = FavoriteTableViewCell.swift; sourceTree = "<group>"; };
/* End PBXFileReference section */

/* Begin PBXFrameworksBuildPhase section */
		08A947CC25D09F7100A25CE1 /* Frameworks */ = {
			isa = PBXFrameworksBuildPhase;
			buildActionMask = 2147483647;
			files = (
			);
			runOnlyForDeploymentPostprocessing = 0;
		};
/* End PBXFrameworksBuildPhase section */

/* Begin PBXGroup section */
		08A947C625D09F7100A25CE1 = {
			isa = PBXGroup;
			children = (
				08A947D125D09F7100A25CE1 /* Movie */,
				08A947D025D09F7100A25CE1 /* Products */,
			);
			sourceTree = "<group>";
		};
		08A947D025D09F7100A25CE1 /* Products */ = {
			isa = PBXGroup;
			children = (
				08A947CF25D09F7100A25CE1 /* Movie.app */,
			);
			name = Products;
			sourceTree = "<group>";
		};
		08A947D125D09F7100A25CE1 /* Movie */ = {
			isa = PBXGroup;
			children = (
				08A947D225D09F7100A25CE1 /* AppDelegate.swift */,
				08A947D425D09F7100A25CE1 /* SceneDelegate.swift */,
				08A947D625D09F7100A25CE1 /* ViewController.swift */,
				08A947EB25D0A8B100A25CE1 /* Movie.swift */,
				08A947E725D0A16600A25CE1 /* MovieTableViewCell.swift */,
				08A947D825D09F7100A25CE1 /* Main.storyboard */,
				08A947DB25D09F7200A25CE1 /* Assets.xcassets */,
				08A947DD25D09F7200A25CE1 /* LaunchScreen.storyboard */,
				08A947E025D09F7200A25CE1 /* Info.plist */,
				08A947EE25D0F85A00A25CE1 /* DetailViewController.swift */,
				08A947F125D1065300A25CE1 /* FavoritesTableViewController.swift */,
				08A947F425D106A800A25CE1 /* FavoriteTableViewCell.swift */,
			);
			path = Movie;
			sourceTree = "<group>";
		};
/* End PBXGroup section */

/* Begin PBXNativeTarget section */
		08A947CE25D09F7100A25CE1 /* Movie */ = {
			isa = PBXNativeTarget;
			buildConfigurationList = 08A947E325D09F7200A25CE1 /* Build configuration list for PBXNativeTarget "Movie" */;
			buildPhases = (
				08A947CB25D09F7100A25CE1 /* Sources */,
				08A947CC25D09F7100A25CE1 /* Frameworks */,
				08A947CD25D09F7100A25CE1 /* Resources */,
			);
			buildRules = (
			);
			dependencies = (
			);
			name = Movie;
			productName = Movie;
			productReference = 08A947CF25D09F7100A25CE1 /* Movie.app */;
			productType = "com.apple.product-type.application";
		};
/* End PBXNativeTarget section */

/* Begin PBXProject section */
		08A947C725D09F7100A25CE1 /* Project object */ = {
			isa = PBXProject;
			attributes = {
				LastSwiftUpdateCheck = 1230;
				LastUpgradeCheck = 1230;
				TargetAttributes = {
					08A947CE25D09F7100A25CE1 = {
						CreatedOnToolsVersion = 12.3;
					};
				};
			};
			buildConfigurationList = 08A947CA25D09F7100A25CE1 /* Build configuration list for PBXProject "Movie" */;
			compatibilityVersion = "Xcode 9.3";
			developmentRegion = en;
			hasScannedForEncodings = 0;
			knownRegions = (
				en,
				Base,
			);
			mainGroup = 08A947C625D09F7100A25CE1;
			productRefGroup = 08A947D025D09F7100A25CE1 /* Products */;
			projectDirPath = "";
			projectRoot = "";
			targets = (
				08A947CE25D09F7100A25CE1 /* Movie */,
			);
		};
/* End PBXProject section */

/* Begin PBXResourcesBuildPhase section */
		08A947CD25D09F7100A25CE1 /* Resources */ = {
			isa = PBXResourcesBuildPhase;
			buildActionMask = 2147483647;
			files = (
				08A947DF25D09F7200A25CE1 /* LaunchScreen.storyboard in Resources */,
				08A947DC25D09F7200A25CE1 /* Assets.xcassets in Resources */,
				08A947DA25D09F7100A25CE1 /* Main.storyboard in Resources */,
			);
			runOnlyForDeploymentPostprocessing = 0;
		};
/* End PBXResourcesBuildPhase section */

/* Begin PBXSourcesBuildPhase section */
		08A947CB25D09F7100A25CE1 /* Sources */ = {
			isa = PBXSourcesBuildPhase;
			buildActionMask = 2147483647;
			files = (
				08A947D725D09F7100A25CE1 /* ViewController.swift in Sources */,
				08A947F525D106A800A25CE1 /* FavoriteTableViewCell.swift in Sources */,
				08A947D325D09F7100A25CE1 /* AppDelegate.swift in Sources */,
				08A947E825D0A16600A25CE1 /* MovieTableViewCell.swift in Sources */,
				08A947EF25D0F85A00A25CE1 /* DetailViewController.swift in Sources */,
				08A947D525D09F7100A25CE1 /* SceneDelegate.swift in Sources */,
				08A947F225D1065300A25CE1 /* FavoritesTableViewController.swift in Sources */,
				08A947EC25D0A8B100A25CE1 /* Movie.swift in Sources */,
			);
			runOnlyForDeploymentPostprocessing = 0;
		};
/* End PBXSourcesBuildPhase section */

/* Begin PBXVariantGroup section */
		08A947D825D09F7100A25CE1 /* Main.storyboard */ = {
			isa = PBXVariantGroup;
			children = (
				08A947D925D09F7100A25CE1 /* Base */,
			);
			name = Main.storyboard;
			sourceTree = "<group>";
		};
		08A947DD25D09F7200A25CE1 /* LaunchScreen.storyboard */ = {
			isa = PBXVariantGroup;
			children = (
				08A947DE25D09F7200A25CE1 /* Base */,
			);
			name = LaunchScreen.storyboard;
			sourceTree = "<group>";
		};
/* End PBXVariantGroup section */

/* Begin XCBuildConfiguration section */
		08A947E125D09F7200A25CE1 /* Debug */ = {
			isa = XCBuildConfiguration;
			buildSettings = {
				ALWAYS_SEARCH_USER_PATHS = NO;
				CLANG_ANALYZER_NONNULL = YES;
				CLANG_ANALYZER_NUMBER_OBJECT_CONVERSION = YES_AGGRESSIVE;
				CLANG_CXX_LANGUAGE_STANDARD = "gnu++14";
				CLANG_CXX_LIBRARY = "libc++";
				CLANG_ENABLE_MODULES = YES;
				CLANG_ENABLE_OBJC_ARC = YES;
				CLANG_ENABLE_OBJC_WEAK = YES;
				CLANG_WARN_BLOCK_CAPTURE_AUTORELEASING = YES;
				CLANG_WARN_BOOL_CONVERSION = YES;
				CLANG_WARN_COMMA = YES;
				CLANG_WARN_CONSTANT_CONVERSION = YES;
				CLANG_WARN_DEPRECATED_OBJC_IMPLEMENTATIONS = YES;
				CLANG_WARN_DIRECT_OBJC_ISA_USAGE = YES_ERROR;
				CLANG_WARN_DOCUMENTATION_COMMENTS = YES;
				CLANG_WARN_EMPTY_BODY = YES;
				CLANG_WARN_ENUM_CONVERSION = YES;
				CLANG_WARN_INFINITE_RECURSION = YES;
				CLANG_WARN_INT_CONVERSION = YES;
				CLANG_WARN_NON_LITERAL_NULL_CONVERSION = YES;
				CLANG_WARN_OBJC_IMPLICIT_RETAIN_SELF = YES;
				CLANG_WARN_OBJC_LITERAL_CONVERSION = YES;
				CLANG_WARN_OBJC_ROOT_CLASS = YES_ERROR;
				CLANG_WARN_QUOTED_INCLUDE_IN_FRAMEWORK_HEADER = YES;
				CLANG_WARN_RANGE_LOOP_ANALYSIS = YES;
				CLANG_WARN_STRICT_PROTOTYPES = YES;
				CLANG_WARN_SUSPICIOUS_MOVE = YES;
				CLANG_WARN_UNGUARDED_AVAILABILITY = YES_AGGRESSIVE;
				CLANG_WARN_UNREACHABLE_CODE = YES;
				CLANG_WARN__DUPLICATE_METHOD_MATCH = YES;
				COPY_PHASE_STRIP = NO;
				DEBUG_INFORMATION_FORMAT = dwarf;
				ENABLE_STRICT_OBJC_MSGSEND = YES;
				ENABLE_TESTABILITY = YES;
				GCC_C_LANGUAGE_STANDARD = gnu11;
				GCC_DYNAMIC_NO_PIC = NO;
				GCC_NO_COMMON_BLOCKS = YES;
				GCC_OPTIMIZATION_LEVEL = 0;
				GCC_PREPROCESSOR_DEFINITIONS = (
					"DEBUG=1",
					"$(inherited)",
				);
				GCC_WARN_64_TO_32_BIT_CONVERSION = YES;
				GCC_WARN_ABOUT_RETURN_TYPE = YES_ERROR;
				GCC_WARN_UNDECLARED_SELECTOR = YES;
				GCC_WARN_UNINITIALIZED_AUTOS = YES_AGGRESSIVE;
				GCC_WARN_UNUSED_FUNCTION = YES;
				GCC_WARN_UNUSED_VARIABLE = YES;
				IPHONEOS_DEPLOYMENT_TARGET = 14.3;
				MTL_ENABLE_DEBUG_INFO = INCLUDE_SOURCE;
				MTL_FAST_MATH = YES;
				ONLY_ACTIVE_ARCH = YES;
				SDKROOT = iphoneos;
				SWIFT_ACTIVE_COMPILATION_CONDITIONS = DEBUG;
				SWIFT_OPTIMIZATION_LEVEL = "-Onone";
			};
			name = Debug;
		};
		08A947E225D09F7200A25CE1 /* Release */ = {
			isa = XCBuildConfiguration;
			buildSettings = {
				ALWAYS_SEARCH_USER_PATHS = NO;
				CLANG_ANALYZER_NONNULL = YES;
				CLANG_ANALYZER_NUMBER_OBJECT_CONVERSION = YES_AGGRESSIVE;
				CLANG_CXX_LANGUAGE_STANDARD = "gnu++14";
				CLANG_CXX_LIBRARY = "libc++";
				CLANG_ENABLE_MODULES = YES;
				CLANG_ENABLE_OBJC_ARC = YES;
				CLANG_ENABLE_OBJC_WEAK = YES;
				CLANG_WARN_BLOCK_CAPTURE_AUTORELEASING = YES;
				CLANG_WARN_BOOL_CONVERSION = YES;
				CLANG_WARN_COMMA = YES;
				CLANG_WARN_CONSTANT_CONVERSION = YES;
				CLANG_WARN_DEPRECATED_OBJC_IMPLEMENTATIONS = YES;
				CLANG_WARN_DIRECT_OBJC_ISA_USAGE = YES_ERROR;
				CLANG_WARN_DOCUMENTATION_COMMENTS = YES;
				CLANG_WARN_EMPTY_BODY = YES;
				CLANG_WARN_ENUM_CONVERSION = YES;
				CLANG_WARN_INFINITE_RECURSION = YES;
				CLANG_WARN_INT_CONVERSION = YES;
				CLANG_WARN_NON_LITERAL_NULL_CONVERSION = YES;
				CLANG_WARN_OBJC_IMPLICIT_RETAIN_SELF = YES;
				CLANG_WARN_OBJC_LITERAL_CONVERSION = YES;
				CLANG_WARN_OBJC_ROOT_CLASS = YES_ERROR;
				CLANG_WARN_QUOTED_INCLUDE_IN_FRAMEWORK_HEADER = YES;
				CLANG_WARN_RANGE_LOOP_ANALYSIS = YES;
				CLANG_WARN_STRICT_PROTOTYPES = YES;
				CLANG_WARN_SUSPICIOUS_MOVE = YES;
				CLANG_WARN_UNGUARDED_AVAILABILITY = YES_AGGRESSIVE;
				CLANG_WARN_UNREACHABLE_CODE = YES;
				CLANG_WARN__DUPLICATE_METHOD_MATCH = YES;
				COPY_PHASE_STRIP = NO;
				DEBUG_INFORMATION_FORMAT = "dwarf-with-dsym";
				ENABLE_NS_ASSERTIONS = NO;
				ENABLE_STRICT_OBJC_MSGSEND = YES;
				GCC_C_LANGUAGE_STANDARD = gnu11;
				GCC_NO_COMMON_BLOCKS = YES;
				GCC_WARN_64_TO_32_BIT_CONVERSION = YES;
				GCC_WARN_ABOUT_RETURN_TYPE = YES_ERROR;
				GCC_WARN_UNDECLARED_SELECTOR = YES;
				GCC_WARN_UNINITIALIZED_AUTOS = YES_AGGRESSIVE;
				GCC_WARN_UNUSED_FUNCTION = YES;
				GCC_WARN_UNUSED_VARIABLE = YES;
				IPHONEOS_DEPLOYMENT_TARGET = 14.3;
				MTL_ENABLE_DEBUG_INFO = NO;
				MTL_FAST_MATH = YES;
				SDKROOT = iphoneos;
				SWIFT_COMPILATION_MODE = wholemodule;
				SWIFT_OPTIMIZATION_LEVEL = "-O";
				VALIDATE_PRODUCT = YES;
			};
			name = Release;
		};
		08A947E425D09F7200A25CE1 /* Debug */ = {
			isa = XCBuildConfiguration;
			buildSettings = {
				ASSETCATALOG_COMPILER_APPICON_NAME = AppIcon;
				ASSETCATALOG_COMPILER_GLOBAL_ACCENT_COLOR_NAME = AccentColor;
				CODE_SIGN_STYLE = Automatic;
				DEVELOPMENT_TEAM = RQ27RAR76Y;
				INFOPLIST_FILE = Movie/Info.plist;
				LD_RUNPATH_SEARCH_PATHS = (
					"$(inherited)",
					"@executable_path/Frameworks",
				);
				PRODUCT_BUNDLE_IDENTIFIER = LGIplayer.Movie;
				PRODUCT_NAME = "$(TARGET_NAME)";
				SWIFT_VERSION = 5.0;
				TARGETED_DEVICE_FAMILY = "1,2";
			};
			name = Debug;
		};
		08A947E525D09F7200A25CE1 /* Release */ = {
			isa = XCBuildConfiguration;
			buildSettings = {
				ASSETCATALOG_COMPILER_APPICON_NAME = AppIcon;
				ASSETCATALOG_COMPILER_GLOBAL_ACCENT_COLOR_NAME = AccentColor;
				CODE_SIGN_STYLE = Automatic;
				DEVELOPMENT_TEAM = RQ27RAR76Y;
				INFOPLIST_FILE = Movie/Info.plist;
				LD_RUNPATH_SEARCH_PATHS = (
					"$(inherited)",
					"@executable_path/Frameworks",
				);
				PRODUCT_BUNDLE_IDENTIFIER = LGIplayer.Movie;
				PRODUCT_NAME = "$(TARGET_NAME)";
				SWIFT_VERSION = 5.0;
				TARGETED_DEVICE_FAMILY = "1,2";
			};
			name = Release;
		};
/* End XCBuildConfiguration section */

/* Begin XCConfigurationList section */
		08A947CA25D09F7100A25CE1 /* Build configuration list for PBXProject "Movie" */ = {
			isa = XCConfigurationList;
			buildConfigurations = (
				08A947E125D09F7200A25CE1 /* Debug */,
				08A947E225D09F7200A25CE1 /* Release */,
			);
			defaultConfigurationIsVisible = 0;
			defaultConfigurationName = Release;
		};
		08A947E325D09F7200A25CE1 /* Build configuration list for PBXNativeTarget "Movie" */ = {
			isa = XCConfigurationList;
			buildConfigurations = (
				08A947E425D09F7200A25CE1 /* Debug */,
				08A947E525D09F7200A25CE1 /* Release */,
			);
			defaultConfigurationIsVisible = 0;
			defaultConfigurationName = Release;
		};
/* End XCConfigurationList section */
	};
	rootObject = 08A947C725D09F7100A25CE1 /* Project object */;
}
